{
  "name": "@aetherops/knowledge-sidecar",
  "version": "0.1.0",
  "lockfileVersion": 3,
  "requires": true,
  "packages": {
    "": {
      "name": "@aetherops/knowledge-sidecar",
      "version": "0.1.0",
      "dependencies": {
        "oxigraph": "0.5.9"
      },
      "engines": {
        "node": ">=18"
      }
    },
    "node_modules/oxigraph": {
      "version": "0.5.9",
      "resolved": "https://registry.npmjs.org/oxigraph/-/oxigraph-0.5.9.tgz",
      "integrity": "sha512-Oyxo/NE9imMvTPcK/TkQmAPALnJOns0XBk/r90SjnWg1fwBPSSZaNlVQ8YDKqeXHD2QISe1FfIVQtbgpKulqCQ==",
      "license": "MIT OR Apache-2.0"
    }
  }
}
